
Microsoft Visual Studio Solution File, Format Version 12.00
# Visual Studio Version 17
VisualStudioVersion = 17.4.33205.214
MinimumVisualStudioVersion = 10.0.40219.1
Project("{FAE04EC0-301F-11D3-BF4B-00C04F79EFBC}") = "InicioSesion", "InicioSesion.csproj", "{0856C60F-528E-4FC1-B9E2-C88ABC162B5F}"
EndProject
Global
	GlobalSection(SolutionConfigurationPlatforms) = preSolution
		Debug|Any CPU = Debug|Any CPU
		Release|Any CPU = Release|Any CPU
	EndGlobalSection
	GlobalSection(ProjectConfigurationPlatforms) = postSolution
		{0856C60F-528E-4FC1-B9E2-C88ABC162B5F}.Debug|Any CPU.ActiveCfg = Debug|Any CPU
		{0856C60F-528E-4FC1-B9E2-C88ABC162B5F}.Debug|Any CPU.Build.0 = Debug|Any CPU
		{0856C60F-528E-4FC1-B9E2-C88ABC162B5F}.Release|Any CPU.ActiveCfg = Release|Any CPU
		{0856C60F-528E-4FC1-B9E2-C88ABC162B5F}.Release|Any CPU.Build.0 = Release|Any CPU
	EndGlobalSection
	GlobalSection(SolutionProperties) = preSolution
		HideSolutionNode = FALSE
	EndGlobalSection
	GlobalSection(ExtensibilityGlobals) = postSolution
		SolutionGuid = {9F5D8903-C1A1-4BB4-85F4-713963EF2117}
	EndGlobalSection
EndGlobal
