
Microsoft Visual Studio Solution File, Format Version 12.00
# Visual Studio Version 17
VisualStudioVersion = 17.4.33205.214
MinimumVisualStudioVersion = 10.0.40219.1
Project("{FAE04EC0-301F-11D3-BF4B-00C04F79EFBC}") = "Persona", "Persona.csproj", "{A91BA637-1634-470B-8754-4D22858D103C}"
EndProject
Project("{FAE04EC0-301F-11D3-BF4B-00C04F79EFBC}") = "PersonaTest", "..\PersonaTest\PersonaTest.csproj", "{DED098BD-8B0D-4D2E-8692-B54F9CDFA328}"
EndProject
Global
	GlobalSection(SolutionConfigurationPlatforms) = preSolution
		Debug|Any CPU = Debug|Any CPU
		Release|Any CPU = Release|Any CPU
	EndGlobalSection
	GlobalSection(ProjectConfigurationPlatforms) = postSolution
		{A91BA637-1634-470B-8754-4D22858D103C}.Debug|Any CPU.ActiveCfg = Debug|Any CPU
		{A91BA637-1634-470B-8754-4D22858D103C}.Debug|Any CPU.Build.0 = Debug|Any CPU
		{A91BA637-1634-470B-8754-4D22858D103C}.Release|Any CPU.ActiveCfg = Release|Any CPU
		{A91BA637-1634-470B-8754-4D22858D103C}.Release|Any CPU.Build.0 = Release|Any CPU
		{DED098BD-8B0D-4D2E-8692-B54F9CDFA328}.Debug|Any CPU.ActiveCfg = Debug|Any CPU
		{DED098BD-8B0D-4D2E-8692-B54F9CDFA328}.Debug|Any CPU.Build.0 = Debug|Any CPU
		{DED098BD-8B0D-4D2E-8692-B54F9CDFA328}.Release|Any CPU.ActiveCfg = Release|Any CPU
		{DED098BD-8B0D-4D2E-8692-B54F9CDFA328}.Release|Any CPU.Build.0 = Release|Any CPU
	EndGlobalSection
	GlobalSection(SolutionProperties) = preSolution
		HideSolutionNode = FALSE
	EndGlobalSection
	GlobalSection(ExtensibilityGlobals) = postSolution
		SolutionGuid = {2E3BFE99-A4C5-4C64-A605-6DF48F5CA2CD}
	EndGlobalSection
EndGlobal
