
Microsoft Visual Studio Solution File, Format Version 12.00
# Visual Studio Version 17
VisualStudioVersion = 17.4.33205.214
MinimumVisualStudioVersion = 10.0.40219.1
Project("{9A19103F-16F7-4668-BE54-9A1E7A4F7556}") = "RefactoringExercise", "RefactoringExercise.csproj", "{8CE16B1B-0F64-49B0-A961-CABF6B395F06}"
EndProject
Project("{FAE04EC0-301F-11D3-BF4B-00C04F79EFBC}") = "RefactoringExerciseTesting", "..\RefactoringExerciseTesting\RefactoringExerciseTesting.csproj", "{D354D237-786A-46EC-8A76-639E3861C98A}"
EndProject
Global
	GlobalSection(SolutionConfigurationPlatforms) = preSolution
		Debug|Any CPU = Debug|Any CPU
		Release|Any CPU = Release|Any CPU
	EndGlobalSection
	GlobalSection(ProjectConfigurationPlatforms) = postSolution
		{8CE16B1B-0F64-49B0-A961-CABF6B395F06}.Debug|Any CPU.ActiveCfg = Debug|Any CPU
		{8CE16B1B-0F64-49B0-A961-CABF6B395F06}.Debug|Any CPU.Build.0 = Debug|Any CPU
		{8CE16B1B-0F64-49B0-A961-CABF6B395F06}.Release|Any CPU.ActiveCfg = Release|Any CPU
		{8CE16B1B-0F64-49B0-A961-CABF6B395F06}.Release|Any CPU.Build.0 = Release|Any CPU
		{D354D237-786A-46EC-8A76-639E3861C98A}.Debug|Any CPU.ActiveCfg = Debug|Any CPU
		{D354D237-786A-46EC-8A76-639E3861C98A}.Debug|Any CPU.Build.0 = Debug|Any CPU
		{D354D237-786A-46EC-8A76-639E3861C98A}.Release|Any CPU.ActiveCfg = Release|Any CPU
		{D354D237-786A-46EC-8A76-639E3861C98A}.Release|Any CPU.Build.0 = Release|Any CPU
	EndGlobalSection
	GlobalSection(SolutionProperties) = preSolution
		HideSolutionNode = FALSE
	EndGlobalSection
	GlobalSection(ExtensibilityGlobals) = postSolution
		SolutionGuid = {D80D86A1-13D1-40DD-BC10-3FC02B6702C0}
	EndGlobalSection
EndGlobal
